version = 1
revision = 3
requires-python = ">=3.10"

[[package]]
name = "tree-sitter"
version = "0.25.1"
source = { registry = "https://pypi.org/simple" }
sdist = { url = "https://files.pythonhosted.org/packages/89/2b/02a642e67605b9dd59986b00d13a076044dede04025a243f0592ac79d68c/tree-sitter-0.25.1.tar.gz", hash = "sha256:cd761ad0e4d1fc88a4b1b8083bae06d4f973acf6f5f29bbf13ea9609c1dec9c1", size = 177874, upload-time = "2025-08-05T17:14:34.193Z" }
wheels = [
    { url = "https://files.pythonhosted.org/packages/e0/6c/6160ca15926d11a6957d8bee887f477f3c1d9bc5272c863affc0b50b9cff/tree_sitter-0.25.1-cp310-cp310-macosx_10_9_x86_64.whl", hash = "sha256:a15d62ffdb095d509bda8c140c1ddd0cc80f0c67f92b87fcc96cd242dc0c71ea", size = 146692, upload-time = "2025-08-05T17:13:54.559Z" },
    { url = "https://files.pythonhosted.org/packages/81/4a/e5eb39fe73a514a13bf94acee97925de296d673dace00557763cbbdc938f/tree_sitter-0.25.1-cp310-cp310-macosx_11_0_arm64.whl", hash = "sha256:1d938f0a1ffad1206a1a569b0501345eeca81cae0a4487bb485e53768b02f24e", size = 141015, upload-time = "2025-08-05T17:13:55.807Z" },
    { url = "https://files.pythonhosted.org/packages/63/22/c8e3ba245e5cdb8c951482028a7ee99d141302047b708dc9d670f0fafd85/tree_sitter-0.25.1-cp310-cp310-manylinux2014_aarch64.manylinux_2_17_aarch64.manylinux_2_28_aarch64.whl", hash = "sha256:ba8cea296de5dcb384b9a15cf526985ac8339c81da51c7e29a251d82071f5ee9", size = 599462, upload-time = "2025-08-05T17:13:56.984Z" },
    { url = "https://files.pythonhosted.org/packages/c2/91/c866c3d278ee86354fd81fd055b5d835c510b0e9af07e1cf7e48e2f946b0/tree_sitter-0.25.1-cp310-cp310-manylinux2014_x86_64.manylinux_2_17_x86_64.manylinux_2_28_x86_64.whl", hash = "sha256:387fd2bd8657d69e877618dc199c18e2d6fe073b8f5c59e23435f3baee4ee10a", size = 627062, upload-time = "2025-08-05T17:13:58.363Z" },
    { url = "https://files.pythonhosted.org/packages/90/96/ac010f72778dae60381ab5fcca9651ac72647d582db0b027ca6c56116920/tree_sitter-0.25.1-cp310-cp310-musllinux_1_2_x86_64.whl", hash = "sha256:afa49e51f82b58ae2c1291d6b79ca31e0fb36c04bd9a20d89007472edfb70136", size = 623788, upload-time = "2025-08-05T17:13:59.431Z" },
    { url = "https://files.pythonhosted.org/packages/0e/29/190bdfd54a564a2e43a702884ad5679f4578c481a46161f9f335dd390a70/tree_sitter-0.25.1-cp310-cp310-win_amd64.whl", hash = "sha256:77be45f666adf284914510794b41100decccd71dba88010c03dc2bb0d653acec", size = 127253, upload-time = "2025-08-05T17:14:00.446Z" },
    { url = "https://files.pythonhosted.org/packages/da/60/7daca5ccf65fb204c9f2cc2907db6aeaf1cb42aa605427580c17a38a53b3/tree_sitter-0.25.1-cp310-cp310-win_arm64.whl", hash = "sha256:72badac2de4e81ae0df5efe14ec5003bd4df3e48e7cf84dbd9df3a54599ba371", size = 113930, upload-time = "2025-08-05T17:14:01.623Z" },
    { url = "https://files.pythonhosted.org/packages/17/dc/0dabb75d249108fb9062d6e9e791e4ad8e9ae5c095e06dd8af770bc07902/tree_sitter-0.25.1-cp311-cp311-macosx_10_9_x86_64.whl", hash = "sha256:33a8fbaeb2b5049cf5318306ab8b16ab365828b2b21ee13678c29e0726a1d27a", size = 146696, upload-time = "2025-08-05T17:14:02.408Z" },
    { url = "https://files.pythonhosted.org/packages/da/d0/b7305a05d65dbcfce7a97a93252bf7384f09800866e9de55a625c76e0257/tree_sitter-0.25.1-cp311-cp311-macosx_11_0_arm64.whl", hash = "sha256:797bbbc686d8d3722d25ee0108ad979bda6ad3e1025859ce2ee290e517816bd4", size = 141014, upload-time = "2025-08-05T17:14:03.58Z" },
    { url = "https://files.pythonhosted.org/packages/84/d0/d0d8bd13c44ef6379499712a3f5e3930e7db11e5c8eb2af8655e288597a3/tree_sitter-0.25.1-cp311-cp311-manylinux2014_aarch64.manylinux_2_17_aarch64.manylinux_2_28_aarch64.whl", hash = "sha256:629fc2ae3f5954b0f6a7b42ee3fcd8f34b68ea161e9f02fa5bf709cbbac996d3", size = 604339, upload-time = "2025-08-05T17:14:04.722Z" },
    { url = "https://files.pythonhosted.org/packages/c5/13/22869a6da25ffe2dfff922712605e72a9c3481109a93f4218bea1bc65f35/tree_sitter-0.25.1-cp311-cp311-manylinux2014_x86_64.manylinux_2_17_x86_64.manylinux_2_28_x86_64.whl", hash = "sha256:4257018c42a33a7935a5150d678aac05c6594347d6a6e6dbdf7e2ef4ae985213", size = 631593, upload-time = "2025-08-05T17:14:06.043Z" },
    { url = "https://files.pythonhosted.org/packages/ec/0c/f4590fc08422768fc57456a85c932888a02e7a13540574859308611be1cf/tree_sitter-0.25.1-cp311-cp311-musllinux_1_2_x86_64.whl", hash = "sha256:4027854c9feee2a3bb99642145ba04ce95d75bd17e292911c93a488cb28d0a04", size = 629265, upload-time = "2025-08-05T17:14:07.045Z" },
    { url = "https://files.pythonhosted.org/packages/a7/a8/ee9305ce9a7417715cbf038fdcc4fdb6042e30065c9837bdcf36be440388/tree_sitter-0.25.1-cp311-cp311-win_amd64.whl", hash = "sha256:183faaedcee5f0a3ba39257fa81749709d5eb7cf92c2c050b36ff38468d1774c", size = 127210, upload-time = "2025-08-05T17:14:08.331Z" },
    { url = "https://files.pythonhosted.org/packages/48/64/6a39882f534373873ef3dba8a1a8f47dc3bfb39ee63784eac2e789b404c4/tree_sitter-0.25.1-cp311-cp311-win_arm64.whl", hash = "sha256:6a3800235535a2532ce392ed0d8e6f698ee010e73805bdeac2f249da8246bab6", size = 113928, upload-time = "2025-08-05T17:14:09.376Z" },
    { url = "https://files.pythonhosted.org/packages/45/79/6dea0c098879d99f41ba919da1ea46e614fb4bf9c4d591450061aeec6fcb/tree_sitter-0.25.1-cp312-cp312-macosx_10_13_x86_64.whl", hash = "sha256:9362a202144075b54f7c9f07e0b0e44a61eed7ee19e140c506b9e64c1d21ed58", size = 146928, upload-time = "2025-08-05T17:14:10.522Z" },
    { url = "https://files.pythonhosted.org/packages/15/30/8002f4e76c7834a6101895ff7524ea29ab4f1f1da1270260ef52e2319372/tree_sitter-0.25.1-cp312-cp312-macosx_11_0_arm64.whl", hash = "sha256:593f22529f34dd04de02f56ea6d7c2c8ec99dfab25b58be893247c1090dedd60", size = 140802, upload-time = "2025-08-05T17:14:11.38Z" },
    { url = "https://files.pythonhosted.org/packages/38/ec/d297ad9d4a4b26f551a5ca49afe48fdbcb20f058c2eff8d8463ad6c0eed1/tree_sitter-0.25.1-cp312-cp312-manylinux2014_aarch64.manylinux_2_17_aarch64.manylinux_2_28_aarch64.whl", hash = "sha256:ebb6849f76e1cbfa223303fa680da533d452e378d5fe372598e4752838ca7929", size = 606762, upload-time = "2025-08-05T17:14:12.264Z" },
    { url = "https://files.pythonhosted.org/packages/4a/1c/05a623cfb420b10d5f782d4ec064cf00fbfa9c21b8526ca4fd042f80acff/tree_sitter-0.25.1-cp312-cp312-manylinux2014_x86_64.manylinux_2_17_x86_64.manylinux_2_28_x86_64.whl", hash = "sha256:034d4544bb0f82e449033d76dd083b131c3f9ecb5e37d3475f80ae55e8f382bd", size = 634632, upload-time = "2025-08-05T17:14:13.21Z" },
    { url = "https://files.pythonhosted.org/packages/c5/e0/f05fd5a2331c16d428efb8eef32dfb80dc6565438146e34e9a235ecd7925/tree_sitter-0.25.1-cp312-cp312-musllinux_1_2_x86_64.whl", hash = "sha256:46a9b721560070f2f980105266e28a17d3149485582cdba14d66dca14692e932", size = 630756, upload-time = "2025-08-05T17:14:14.673Z" },
    { url = "https://files.pythonhosted.org/packages/b2/fc/79f3c5d53d1721b95ab6cda0368192a4f1d367e3a5ff7ac21d77e9841782/tree_sitter-0.25.1-cp312-cp312-win_amd64.whl", hash = "sha256:9a5c522b1350a626dc1cbc5dc203133caeaa114d3f65e400445e8b02f18b343b", size = 127157, upload-time = "2025-08-05T17:14:15.59Z" },
    { url = "https://files.pythonhosted.org/packages/24/b7/07c4e3f71af0096db6c2ecd83e7d61584e3891c79cb39b208082312d1d60/tree_sitter-0.25.1-cp312-cp312-win_arm64.whl", hash = "sha256:43e7b8e83f9fc29ca62e7d2aa8c38e3fa806ff3fc65e0d501d18588dc1509888", size = 113910, upload-time = "2025-08-05T17:14:16.385Z" },
    { url = "https://files.pythonhosted.org/packages/3f/d3/bfb08aab9c7daed2715f303cc017329e3512bb77678cc28829681decadd2/tree_sitter-0.25.1-cp313-cp313-macosx_10_13_x86_64.whl", hash = "sha256:ae1eebc175e6a50b38b0e0385cdc26e92ac0bff9b32ee1c0619bbbf6829d57ea", size = 146920, upload-time = "2025-08-05T17:14:17.483Z" },
    { url = "https://files.pythonhosted.org/packages/f9/36/7f897c50489c38665255579646fca8191e1b9e5a29ac9cf11022e42e1e2b/tree_sitter-0.25.1-cp313-cp313-macosx_11_0_arm64.whl", hash = "sha256:9e0ae03c4f132f1bffb2bc40b1bb28742785507da693ab04da8531fe534ada9c", size = 140782, upload-time = "2025-08-05T17:14:18.594Z" },
    { url = "https://files.pythonhosted.org/packages/16/e6/85012113899296b8e0789ae94f562d3971d7d3df989e8bec6128749394e1/tree_sitter-0.25.1-cp313-cp313-manylinux2014_aarch64.manylinux_2_17_aarch64.manylinux_2_28_aarch64.whl", hash = "sha256:acf571758be0a71046a61a0936cb815f15b13e0ae7ec6d08398e4aa1560b371d", size = 607590, upload-time = "2025-08-05T17:14:19.782Z" },
    { url = "https://files.pythonhosted.org/packages/49/93/605b08dc4cf76d08cfacebc30a88467c6526ea5c94592c25240518e38b71/tree_sitter-0.25.1-cp313-cp313-manylinux2014_x86_64.manylinux_2_17_x86_64.manylinux_2_28_x86_64.whl", hash = "sha256:632910847e3f8ae35841f92cba88a9a1b8bc56ecc1514a5affebf7951fa0fc0a", size = 635553, upload-time = "2025-08-05T17:14:21.107Z" },
    { url = "https://files.pythonhosted.org/packages/ce/27/123667f756bb32168507c940db9040104c606fbb0214397d3c20cf985073/tree_sitter-0.25.1-cp313-cp313-musllinux_1_2_x86_64.whl", hash = "sha256:a99ecef7771afb118b2a8435c8ba67ea7a085c60d5d33dc0a4794ed882e5f7df", size = 630844, upload-time = "2025-08-05T17:14:22.078Z" },
    { url = "https://files.pythonhosted.org/packages/2f/53/180b0ed74153a3c9a23967f54774d5930c2e0b67671ae4ca0d4d35ba18ac/tree_sitter-0.25.1-cp313-cp313-win_amd64.whl", hash = "sha256:c1d6393454d1f9d4195c74e40a487640cd4390cd4aee90837485f932a1a0f40c", size = 127159, upload-time = "2025-08-05T17:14:23.061Z" },
    { url = "https://files.pythonhosted.org/packages/32/fb/b8b7b5122ac4a80cd689a5023f2416910e10f9534ace1cdf0020a315d40d/tree_sitter-0.25.1-cp313-cp313-win_arm64.whl", hash = "sha256:c1d2dbf7d12426b71ff49739f599c355f4de338a5c0ab994de2a1d290f6e0b20", size = 113920, upload-time = "2025-08-05T17:14:23.879Z" },
    { url = "https://files.pythonhosted.org/packages/70/8c/cb851da552baf4215baf96443e5e9e39095083a95bc05c4444e640fe0fe8/tree_sitter-0.25.1-cp314-cp314-macosx_10_13_x86_64.whl", hash = "sha256:32cee52264d9ecf98885fcac0185ac63e16251b31dd8b4a3b8d8071173405f8f", size = 146775, upload-time = "2025-08-05T17:14:25.064Z" },
    { url = "https://files.pythonhosted.org/packages/f3/59/002c89df1e8f1664b82023e5d0c06de97fff5c2a2e33dce1a241c8909758/tree_sitter-0.25.1-cp314-cp314-macosx_11_0_arm64.whl", hash = "sha256:ae024d8ccfef51e61c44a81af7a48670601430701c24f450bea10f4b4effd8d1", size = 140787, upload-time = "2025-08-05T17:14:25.914Z" },
    { url = "https://files.pythonhosted.org/packages/39/48/c9e6deb88f3c7f16963ef205e5b8e3ea7f5effd048b4515d09738c7b032b/tree_sitter-0.25.1-cp314-cp314-manylinux2014_aarch64.manylinux_2_17_aarch64.manylinux_2_28_aarch64.whl", hash = "sha256:d025c56c393cea660df9ef33ca60329952a1f8ee6212d21b2b390dfec08a3874", size = 609173, upload-time = "2025-08-05T17:14:26.817Z" },
    { url = "https://files.pythonhosted.org/packages/53/a8/b782576d7ea081a87285d974005155da03b6d0c66283fe1e3a5e0dd4bd98/tree_sitter-0.25.1-cp314-cp314-manylinux2014_x86_64.manylinux_2_17_x86_64.manylinux_2_28_x86_64.whl", hash = "sha256:044aa23ea14f337809821bea7467f33f4c6d351739dca76ba0cbe4d0154d8662", size = 635994, upload-time = "2025-08-05T17:14:28.343Z" },
    { url = "https://files.pythonhosted.org/packages/70/0a/c5b6c9cdb7bd4bf0c3d2bd494fcf356acc53f8e63007dc2a836d95bbe964/tree_sitter-0.25.1-cp314-cp314-musllinux_1_2_x86_64.whl", hash = "sha256:1863d96704eb002df4ad3b738294ae8bd5dcf8cefb715da18bff6cb2d33d978e", size = 630944, upload-time = "2025-08-05T17:14:31.123Z" },
    { url = "https://files.pythonhosted.org/packages/12/2a/d0b097157c2d487f5e6293dae2c106ec9ede792a6bb780249e81432e754d/tree_sitter-0.25.1-cp314-cp314-win_amd64.whl", hash = "sha256:a40a481e28e1afdbc455932d61e49ffd4163aafa83f4a3deb717524a7786197e", size = 130831, upload-time = "2025-08-05T17:14:32.458Z" },
    { url = "https://files.pythonhosted.org/packages/ce/33/3591e7b22dd49f46ae4fdee1db316ecefd0486cae880c5b497a55f0ccb24/tree_sitter-0.25.1-cp314-cp314-win_arm64.whl", hash = "sha256:f7b68f584336b39b2deab9896b629dddc3c784170733d3409f01fe825e9c04eb", size = 117376, upload-time = "2025-08-05T17:14:33.283Z" },
]

[[package]]
name = "tree-sitter-snl"
version = "0.1.0"
source = { editable = "." }

[package.optional-dependencies]
core = [
    { name = "tree-sitter" },
]

[package.metadata]
requires-dist = [{ name = "tree-sitter", marker = "extra == 'core'", specifier = "~=0.24" }]
provides-extras = ["core"]
